// !$*UTF8*$!
{
	archiveVersion = 1;
	classes = {
	};
	objectVersion = 48;
	objects = {

/* Begin PBXBuildFile section */
		A93F44DEE58AD3FF2760CB35 /* Pods_BookRoomChatbot.framework in Frameworks */ = {isa = PBXBuildFile; fileRef = 4703A991252332CE500A2DF7 /* Pods_BookRoomChatbot.framework */; };
		D34CA352205FBE790022DB65 /* AppDelegate.swift in Sources */ = {isa = PBXBuildFile; fileRef = D34CA351205FBE790022DB65 /* AppDelegate.swift */; };
		D34CA354205FBE790022DB65 /* ViewController.swift in Sources */ = {isa = PBXBuildFile; fileRef = D34CA353205FBE790022DB65 /* ViewController.swift */; };
		D34CA357205FBE790022DB65 /* Main.storyboard in Resources */ = {isa = PBXBuildFile; fileRef = D34CA355205FBE790022DB65 /* Main.storyboard */; };
		D34CA359205FBE790022DB65 /* Assets.xcassets in Resources */ = {isa = PBXBuildFile; fileRef = D34CA358205FBE790022DB65 /* Assets.xcassets */; };
		D34CA35C205FBE790022DB65 /* LaunchScreen.storyboard in Resources */ = {isa = PBXBuildFile; fileRef = D34CA35A205FBE790022DB65 /* LaunchScreen.storyboard */; };
/* End PBXBuildFile section */

/* Begin PBXFileReference section */
		292DE697BD0E8ECF346457B9 /* Pods-BookRoomChatbot.debug.xcconfig */ = {isa = PBXFileReference; includeInIndex = 1; lastKnownFileType = text.xcconfig; name = "Pods-BookRoomChatbot.debug.xcconfig"; path = "Pods/Target Support Files/Pods-BookRoomChatbot/Pods-BookRoomChatbot.debug.xcconfig"; sourceTree = "<group>"; };
		36990A469974872BFA013706 /* Pods-BookRoomChatbot.release.xcconfig */ = {isa = PBXFileReference; includeInIndex = 1; lastKnownFileType = text.xcconfig; name = "Pods-BookRoomChatbot.release.xcconfig"; path = "Pods/Target Support Files/Pods-BookRoomChatbot/Pods-BookRoomChatbot.release.xcconfig"; sourceTree = "<group>"; };
		4703A991252332CE500A2DF7 /* Pods_BookRoomChatbot.framework */ = {isa = PBXFileReference; explicitFileType = wrapper.framework; includeInIndex = 0; path = Pods_BookRoomChatbot.framework; sourceTree = BUILT_PRODUCTS_DIR; };
		D34CA34E205FBE790022DB65 /* BookRoomChatbot.app */ = {isa = PBXFileReference; explicitFileType = wrapper.application; includeInIndex = 0; path = BookRoomChatbot.app; sourceTree = BUILT_PRODUCTS_DIR; };
		D34CA351205FBE790022DB65 /* AppDelegate.swift */ = {isa = PBXFileReference; lastKnownFileType = sourcecode.swift; path = AppDelegate.swift; sourceTree = "<group>"; };
		D34CA353205FBE790022DB65 /* ViewController.swift */ = {isa = PBXFileReference; lastKnownFileType = sourcecode.swift; path = ViewController.swift; sourceTree = "<group>"; };
		D34CA356205FBE790022DB65 /* Base */ = {isa = PBXFileReference; lastKnownFileType = file.storyboard; name = Base; path = Base.lproj/Main.storyboard; sourceTree = "<group>"; };
		D34CA358205FBE790022DB65 /* Assets.xcassets */ = {isa = PBXFileReference; lastKnownFileType = folder.assetcatalog; path = Assets.xcassets; sourceTree = "<group>"; };
		D34CA35B205FBE790022DB65 /* Base */ = {isa = PBXFileReference; lastKnownFileType = file.storyboard; name = Base; path = Base.lproj/LaunchScreen.storyboard; sourceTree = "<group>"; };
		D34CA35D205FBE790022DB65 /* Info.plist */ = {isa = PBXFileReference; lastKnownFileType = text.plist.xml; path = Info.plist; sourceTree = "<group>"; };
/* End PBXFileReference section */

/* Begin PBXFrameworksBuildPhase section */
		D34CA34B205FBE790022DB65 /* Frameworks */ = {
			isa = PBXFrameworksBuildPhase;
			buildActionMask = 2147483647;
			files = (
				A93F44DEE58AD3FF2760CB35 /* Pods_BookRoomChatbot.framework in Frameworks */,
			);
			runOnlyForDeploymentPostprocessing = 0;
		};
/* End PBXFrameworksBuildPhase section */

/* Begin PBXGroup section */
		1F69F91B1F2B095C43C7C31A /* Frameworks */ = {
			isa = PBXGroup;
			children = (
				4703A991252332CE500A2DF7 /* Pods_BookRoomChatbot.framework */,
			);
			name = Frameworks;
			sourceTree = "<group>";
		};
		5F7D694065F803543AAE042C /* Pods */ = {
			isa = PBXGroup;
			children = (
				292DE697BD0E8ECF346457B9 /* Pods-BookRoomChatbot.debug.xcconfig */,
				36990A469974872BFA013706 /* Pods-BookRoomChatbot.release.xcconfig */,
			);
			name = Pods;
			sourceTree = "<group>";
		};
		D34CA345205FBE790022DB65 = {
			isa = PBXGroup;
			children = (
				D34CA350205FBE790022DB65 /* BookRoomChatbot */,
				D34CA34F205FBE790022DB65 /* Products */,
				5F7D694065F803543AAE042C /* Pods */,
				1F69F91B1F2B095C43C7C31A /* Frameworks */,
			);
			sourceTree = "<group>";
		};
		D34CA34F205FBE790022DB65 /* Products */ = {
			isa = PBXGroup;
			children = (
				D34CA34E205FBE790022DB65 /* BookRoomChatbot.app */,
			);
			name = Products;
			sourceTree = "<group>";
		};
		D34CA350205FBE790022DB65 /* BookRoomChatbot */ = {
			isa = PBXGroup;
			children = (
				D34CA363205FC1720022DB65 /* Supporting Files */,
				D34CA364205FC18D0022DB65 /* Controller */,
				D34CA365205FC1DA0022DB65 /* View */,
				D34CA35D205FBE790022DB65 /* Info.plist */,
			);
			path = BookRoomChatbot;
			sourceTree = "<group>";
		};
		D34CA363205FC1720022DB65 /* Supporting Files */ = {
			isa = PBXGroup;
			children = (
				D34CA351205FBE790022DB65 /* AppDelegate.swift */,
				D34CA358205FBE790022DB65 /* Assets.xcassets */,
				D34CA35A205FBE790022DB65 /* LaunchScreen.storyboard */,
			);
			path = "Supporting Files";
			sourceTree = "<group>";
		};
		D34CA364205FC18D0022DB65 /* Controller */ = {
			isa = PBXGroup;
			children = (
				D34CA353205FBE790022DB65 /* ViewController.swift */,
			);
			path = Controller;
			sourceTree = "<group>";
		};
		D34CA365205FC1DA0022DB65 /* View */ = {
			isa = PBXGroup;
			children = (
				D34CA355205FBE790022DB65 /* Main.storyboard */,
			);
			path = View;
			sourceTree = "<group>";
		};
/* End PBXGroup section */

/* Begin PBXNativeTarget section */
		D34CA34D205FBE790022DB65 /* BookRoomChatbot */ = {
			isa = PBXNativeTarget;
			buildConfigurationList = D34CA360205FBE790022DB65 /* Build configuration list for PBXNativeTarget "BookRoomChatbot" */;
			buildPhases = (
				E41DFD805816E267F3146A40 /* [CP] Check Pods Manifest.lock */,
				D34CA34A205FBE790022DB65 /* Sources */,
				D34CA34B205FBE790022DB65 /* Frameworks */,
				D34CA34C205FBE790022DB65 /* Resources */,
				DBB745AA7F7AC70BFB2B31AA /* [CP] Embed Pods Frameworks */,
				97A7D2236D7C89DA2A9D2A2A /* [CP] Copy Pods Resources */,
			);
			buildRules = (
			);
			dependencies = (
			);
			name = BookRoomChatbot;
			productName = BookRoomChatbot;
			productReference = D34CA34E205FBE790022DB65 /* BookRoomChatbot.app */;
			productType = "com.apple.product-type.application";
		};
/* End PBXNativeTarget section */

/* Begin PBXProject section */
		D34CA346205FBE790022DB65 /* Project object */ = {
			isa = PBXProject;
			attributes = {
				LastSwiftUpdateCheck = 0920;
				LastUpgradeCheck = 0920;
				ORGANIZATIONNAME = "Fulda University Of Applied Sciences";
				TargetAttributes = {
					D34CA34D205FBE790022DB65 = {
						CreatedOnToolsVersion = 9.2;
						ProvisioningStyle = Automatic;
					};
				};
			};
			buildConfigurationList = D34CA349205FBE790022DB65 /* Build configuration list for PBXProject "BookRoomChatbot" */;
			compatibilityVersion = "Xcode 8.0";
			developmentRegion = en;
			hasScannedForEncodings = 0;
			knownRegions = (
				en,
				Base,
			);
			mainGroup = D34CA345205FBE790022DB65;
			productRefGroup = D34CA34F205FBE790022DB65 /* Products */;
			projectDirPath = "";
			projectRoot = "";
			targets = (
				D34CA34D205FBE790022DB65 /* BookRoomChatbot */,
			);
		};
/* End PBXProject section */

/* Begin PBXResourcesBuildPhase section */
		D34CA34C205FBE790022DB65 /* Resources */ = {
			isa = PBXResourcesBuildPhase;
			buildActionMask = 2147483647;
			files = (
				D34CA35C205FBE790022DB65 /* LaunchScreen.storyboard in Resources */,
				D34CA359205FBE790022DB65 /* Assets.xcassets in Resources */,
				D34CA357205FBE790022DB65 /* Main.storyboard in Resources */,
			);
			runOnlyForDeploymentPostprocessing = 0;
		};
/* End PBXResourcesBuildPhase section */

/* Begin PBXShellScriptBuildPhase section */
		97A7D2236D7C89DA2A9D2A2A /* [CP] Copy Pods Resources */ = {
			isa = PBXShellScriptBuildPhase;
			buildActionMask = 2147483647;
			files = (
			);
			inputPaths = (
			);
			name = "[CP] Copy Pods Resources";
			outputPaths = (
			);
			runOnlyForDeploymentPostprocessing = 0;
			shellPath = /bin/sh;
			shellScript = "\"${SRCROOT}/Pods/Target Support Files/Pods-BookRoomChatbot/Pods-BookRoomChatbot-resources.sh\"\n";
			showEnvVarsInLog = 0;
		};
		DBB745AA7F7AC70BFB2B31AA /* [CP] Embed Pods Frameworks */ = {
			isa = PBXShellScriptBuildPhase;
			buildActionMask = 2147483647;
			files = (
			);
			inputPaths = (
				"${SRCROOT}/Pods/Target Support Files/Pods-BookRoomChatbot/Pods-BookRoomChatbot-frameworks.sh",
				"${BUILT_PRODUCTS_DIR}/ApiAI/ApiAI.framework",
			);
			name = "[CP] Embed Pods Frameworks";
			outputPaths = (
				"${TARGET_BUILD_DIR}/${FRAMEWORKS_FOLDER_PATH}/ApiAI.framework",
			);
			runOnlyForDeploymentPostprocessing = 0;
			shellPath = /bin/sh;
			shellScript = "\"${SRCROOT}/Pods/Target Support Files/Pods-BookRoomChatbot/Pods-BookRoomChatbot-frameworks.sh\"\n";
			showEnvVarsInLog = 0;
		};
		E41DFD805816E267F3146A40 /* [CP] Check Pods Manifest.lock */ = {
			isa = PBXShellScriptBuildPhase;
			buildActionMask = 2147483647;
			files = (
			);
			inputPaths = (
				"${PODS_PODFILE_DIR_PATH}/Podfile.lock",
				"${PODS_ROOT}/Manifest.lock",
			);
			name = "[CP] Check Pods Manifest.lock";
			outputPaths = (
				"$(DERIVED_FILE_DIR)/Pods-BookRoomChatbot-checkManifestLockResult.txt",
			);
			runOnlyForDeploymentPostprocessing = 0;
			shellPath = /bin/sh;
			shellScript = "diff \"${PODS_PODFILE_DIR_PATH}/Podfile.lock\" \"${PODS_ROOT}/Manifest.lock\" > /dev/null\nif [ $? != 0 ] ; then\n    # print error to STDERR\n    echo \"error: The sandbox is not in sync with the Podfile.lock. Run 'pod install' or update your CocoaPods installation.\" >&2\n    exit 1\nfi\n# This output is used by Xcode 'outputs' to avoid re-running this script phase.\necho \"SUCCESS\" > \"${SCRIPT_OUTPUT_FILE_0}\"\n";
			showEnvVarsInLog = 0;
		};
/* End PBXShellScriptBuildPhase section */

/* Begin PBXSourcesBuildPhase section */
		D34CA34A205FBE790022DB65 /* Sources */ = {
			isa = PBXSourcesBuildPhase;
			buildActionMask = 2147483647;
			files = (
				D34CA354205FBE790022DB65 /* ViewController.swift in Sources */,
				D34CA352205FBE790022DB65 /* AppDelegate.swift in Sources */,
			);
			runOnlyForDeploymentPostprocessing = 0;
		};
/* End PBXSourcesBuildPhase section */

/* Begin PBXVariantGroup section */
		D34CA355205FBE790022DB65 /* Main.storyboard */ = {
			isa = PBXVariantGroup;
			children = (
				D34CA356205FBE790022DB65 /* Base */,
			);
			name = Main.storyboard;
			sourceTree = "<group>";
		};
		D34CA35A205FBE790022DB65 /* LaunchScreen.storyboard */ = {
			isa = PBXVariantGroup;
			children = (
				D34CA35B205FBE790022DB65 /* Base */,
			);
			name = LaunchScreen.storyboard;
			sourceTree = "<group>";
		};
/* End PBXVariantGroup section */

/* Begin XCBuildConfiguration section */
		D34CA35E205FBE790022DB65 /* Debug */ = {
			isa = XCBuildConfiguration;
			buildSettings = {
				ALWAYS_SEARCH_USER_PATHS = NO;
				CLANG_ANALYZER_NONNULL = YES;
				CLANG_ANALYZER_NUMBER_OBJECT_CONVERSION = YES_AGGRESSIVE;
				CLANG_CXX_LANGUAGE_STANDARD = "gnu++14";
				CLANG_CXX_LIBRARY = "libc++";
				CLANG_ENABLE_MODULES = YES;
				CLANG_ENABLE_OBJC_ARC = YES;
				CLANG_WARN_BLOCK_CAPTURE_AUTORELEASING = YES;
				CLANG_WARN_BOOL_CONVERSION = YES;
				CLANG_WARN_COMMA = YES;
				CLANG_WARN_CONSTANT_CONVERSION = YES;
				CLANG_WARN_DIRECT_OBJC_ISA_USAGE = YES_ERROR;
				CLANG_WARN_DOCUMENTATION_COMMENTS = YES;
				CLANG_WARN_EMPTY_BODY = YES;
				CLANG_WARN_ENUM_CONVERSION = YES;
				CLANG_WARN_INFINITE_RECURSION = YES;
				CLANG_WARN_INT_CONVERSION = YES;
				CLANG_WARN_NON_LITERAL_NULL_CONVERSION = YES;
				CLANG_WARN_OBJC_LITERAL_CONVERSION = YES;
				CLANG_WARN_OBJC_ROOT_CLASS = YES_ERROR;
				CLANG_WARN_RANGE_LOOP_ANALYSIS = YES;
				CLANG_WARN_STRICT_PROTOTYPES = YES;
				CLANG_WARN_SUSPICIOUS_MOVE = YES;
				CLANG_WARN_UNGUARDED_AVAILABILITY = YES_AGGRESSIVE;
				CLANG_WARN_UNREACHABLE_CODE = YES;
				CLANG_WARN__DUPLICATE_METHOD_MATCH = YES;
				CODE_SIGN_IDENTITY = "iPhone Developer";
				COPY_PHASE_STRIP = NO;
				DEBUG_INFORMATION_FORMAT = dwarf;
				ENABLE_STRICT_OBJC_MSGSEND = YES;
				ENABLE_TESTABILITY = YES;
				GCC_C_LANGUAGE_STANDARD = gnu11;
				GCC_DYNAMIC_NO_PIC = NO;
				GCC_NO_COMMON_BLOCKS = YES;
				GCC_OPTIMIZATION_LEVEL = 0;
				GCC_PREPROCESSOR_DEFINITIONS = (
					"DEBUG=1",
					"$(inherited)",
				);
				GCC_WARN_64_TO_32_BIT_CONVERSION = YES;
				GCC_WARN_ABOUT_RETURN_TYPE = YES_ERROR;
				GCC_WARN_UNDECLARED_SELECTOR = YES;
				GCC_WARN_UNINITIALIZED_AUTOS = YES_AGGRESSIVE;
				GCC_WARN_UNUSED_FUNCTION = YES;
				GCC_WARN_UNUSED_VARIABLE = YES;
				IPHONEOS_DEPLOYMENT_TARGET = 11.2;
				MTL_ENABLE_DEBUG_INFO = YES;
				ONLY_ACTIVE_ARCH = YES;
				SDKROOT = iphoneos;
				SWIFT_ACTIVE_COMPILATION_CONDITIONS = DEBUG;
				SWIFT_OPTIMIZATION_LEVEL = "-Onone";
			};
			name = Debug;
		};
		D34CA35F205FBE790022DB65 /* Release */ = {
			isa = XCBuildConfiguration;
			buildSettings = {
				ALWAYS_SEARCH_USER_PATHS = NO;
				CLANG_ANALYZER_NONNULL = YES;
				CLANG_ANALYZER_NUMBER_OBJECT_CONVERSION = YES_AGGRESSIVE;
				CLANG_CXX_LANGUAGE_STANDARD = "gnu++14";
				CLANG_CXX_LIBRARY = "libc++";
				CLANG_ENABLE_MODULES = YES;
				CLANG_ENABLE_OBJC_ARC = YES;
				CLANG_WARN_BLOCK_CAPTURE_AUTORELEASING = YES;
				CLANG_WARN_BOOL_CONVERSION = YES;
				CLANG_WARN_COMMA = YES;
				CLANG_WARN_CONSTANT_CONVERSION = YES;
				CLANG_WARN_DIRECT_OBJC_ISA_USAGE = YES_ERROR;
				CLANG_WARN_DOCUMENTATION_COMMENTS = YES;
				CLANG_WARN_EMPTY_BODY = YES;
				CLANG_WARN_ENUM_CONVERSION = YES;
				CLANG_WARN_INFINITE_RECURSION = YES;
				CLANG_WARN_INT_CONVERSION = YES;
				CLANG_WARN_NON_LITERAL_NULL_CONVERSION = YES;
				CLANG_WARN_OBJC_LITERAL_CONVERSION = YES;
				CLANG_WARN_OBJC_ROOT_CLASS = YES_ERROR;
				CLANG_WARN_RANGE_LOOP_ANALYSIS = YES;
				CLANG_WARN_STRICT_PROTOTYPES = YES;
				CLANG_WARN_SUSPICIOUS_MOVE = YES;
				CLANG_WARN_UNGUARDED_AVAILABILITY = YES_AGGRESSIVE;
				CLANG_WARN_UNREACHABLE_CODE = YES;
				CLANG_WARN__DUPLICATE_METHOD_MATCH = YES;
				CODE_SIGN_IDENTITY = "iPhone Developer";
				COPY_PHASE_STRIP = NO;
				DEBUG_INFORMATION_FORMAT = "dwarf-with-dsym";
				ENABLE_NS_ASSERTIONS = NO;
				ENABLE_STRICT_OBJC_MSGSEND = YES;
				GCC_C_LANGUAGE_STANDARD = gnu11;
				GCC_NO_COMMON_BLOCKS = YES;
				GCC_WARN_64_TO_32_BIT_CONVERSION = YES;
				GCC_WARN_ABOUT_RETURN_TYPE = YES_ERROR;
				GCC_WARN_UNDECLARED_SELECTOR = YES;
				GCC_WARN_UNINITIALIZED_AUTOS = YES_AGGRESSIVE;
				GCC_WARN_UNUSED_FUNCTION = YES;
				GCC_WARN_UNUSED_VARIABLE = YES;
				IPHONEOS_DEPLOYMENT_TARGET = 11.2;
				MTL_ENABLE_DEBUG_INFO = NO;
				SDKROOT = iphoneos;
				SWIFT_OPTIMIZATION_LEVEL = "-Owholemodule";
				VALIDATE_PRODUCT = YES;
			};
			name = Release;
		};
		D34CA361205FBE790022DB65 /* Debug */ = {
			isa = XCBuildConfiguration;
			baseConfigurationReference = 292DE697BD0E8ECF346457B9 /* Pods-BookRoomChatbot.debug.xcconfig */;
			buildSettings = {
				ASSETCATALOG_COMPILER_APPICON_NAME = AppIcon;
				CODE_SIGN_STYLE = Automatic;
				DEVELOPMENT_TEAM = C596PMQ723;
				INFOPLIST_FILE = BookRoomChatbot/Info.plist;
				LD_RUNPATH_SEARCH_PATHS = "$(inherited) @executable_path/Frameworks";
				PRODUCT_BUNDLE_IDENTIFIER = "de.hs-fulda.informatik.BookRoomChatbot";
				PRODUCT_NAME = "$(TARGET_NAME)";
				SWIFT_VERSION = 4.0;
				TARGETED_DEVICE_FAMILY = "1,2";
			};
			name = Debug;
		};
		D34CA362205FBE790022DB65 /* Release */ = {
			isa = XCBuildConfiguration;
			baseConfigurationReference = 36990A469974872BFA013706 /* Pods-BookRoomChatbot.release.xcconfig */;
			buildSettings = {
				ASSETCATALOG_COMPILER_APPICON_NAME = AppIcon;
				CODE_SIGN_STYLE = Automatic;
				DEVELOPMENT_TEAM = C596PMQ723;
				INFOPLIST_FILE = BookRoomChatbot/Info.plist;
				LD_RUNPATH_SEARCH_PATHS = "$(inherited) @executable_path/Frameworks";
				PRODUCT_BUNDLE_IDENTIFIER = "de.hs-fulda.informatik.BookRoomChatbot";
				PRODUCT_NAME = "$(TARGET_NAME)";
				SWIFT_VERSION = 4.0;
				TARGETED_DEVICE_FAMILY = "1,2";
			};
			name = Release;
		};
/* End XCBuildConfiguration section */

/* Begin XCConfigurationList section */
		D34CA349205FBE790022DB65 /* Build configuration list for PBXProject "BookRoomChatbot" */ = {
			isa = XCConfigurationList;
			buildConfigurations = (
				D34CA35E205FBE790022DB65 /* Debug */,
				D34CA35F205FBE790022DB65 /* Release */,
			);
			defaultConfigurationIsVisible = 0;
			defaultConfigurationName = Release;
		};
		D34CA360205FBE790022DB65 /* Build configuration list for PBXNativeTarget "BookRoomChatbot" */ = {
			isa = XCConfigurationList;
			buildConfigurations = (
				D34CA361205FBE790022DB65 /* Debug */,
				D34CA362205FBE790022DB65 /* Release */,
			);
			defaultConfigurationIsVisible = 0;
			defaultConfigurationName = Release;
		};
/* End XCConfigurationList section */
	};
	rootObject = D34CA346205FBE790022DB65 /* Project object */;
}
